// !$*UTF8*$!
{
	archiveVersion = 1;
	classes = {
	};
	objectVersion = 46;
	objects = {

/* Begin PBXBuildFile section */
		603002EA1B992C9400DB2C4C /* main.m in Sources */ = {isa = PBXBuildFile; fileRef = 603002E91B992C9400DB2C4C /* main.m */; };
		603002ED1B992C9400DB2C4C /* YYAppDelegate.m in Sources */ = {isa = PBXBuildFile; fileRef = 603002EC1B992C9400DB2C4C /* YYAppDelegate.m */; };
		603002F51B992C9400DB2C4C /* Images.xcassets in Resources */ = {isa = PBXBuildFile; fileRef = 603002F41B992C9400DB2C4C /* Images.xcassets */; };
		603002F81B992C9400DB2C4C /* LaunchScreen.xib in Resources */ = {isa = PBXBuildFile; fileRef = 603002F61B992C9400DB2C4C /* LaunchScreen.xib */; };
		603003041B992C9400DB2C4C /* Reusable_ListTests.m in Sources */ = {isa = PBXBuildFile; fileRef = 603003031B992C9400DB2C4C /* Reusable_ListTests.m */; };
		603003181B99C1C100DB2C4C /* Main.storyboard in Resources */ = {isa = PBXBuildFile; fileRef = 603003161B99C1C100DB2C4C /* Main.storyboard */; };
		6030032A1B99D07100DB2C4C /* YYAllListsViewController.m in Sources */ = {isa = PBXBuildFile; fileRef = 603003291B99D07100DB2C4C /* YYAllListsViewController.m */; };
		6030032D1B99D08200DB2C4C /* YYListViewController.m in Sources */ = {isa = PBXBuildFile; fileRef = 6030032C1B99D08200DB2C4C /* YYListViewController.m */; };
		603003301B99D09100DB2C4C /* YYSettingViewController.m in Sources */ = {isa = PBXBuildFile; fileRef = 6030032F1B99D09100DB2C4C /* YYSettingViewController.m */; };
		603003451B9E849900DB2C4C /* Reusable List.xcdatamodeld in Sources */ = {isa = PBXBuildFile; fileRef = 603003431B9E849900DB2C4C /* Reusable List.xcdatamodeld */; };
		603003481B9EA58B00DB2C4C /* YYList.m in Sources */ = {isa = PBXBuildFile; fileRef = 603003471B9EA58B00DB2C4C /* YYList.m */; };
		7320CB13B0467C503120078E /* libPods.a in Frameworks */ = {isa = PBXBuildFile; fileRef = 307146F7928DDCC80F9D5FC1 /* libPods.a */; };
/* End PBXBuildFile section */

/* Begin PBXContainerItemProxy section */
		603002FE1B992C9400DB2C4C /* PBXContainerItemProxy */ = {
			isa = PBXContainerItemProxy;
			containerPortal = 603002DC1B992C9400DB2C4C /* Project object */;
			proxyType = 1;
			remoteGlobalIDString = 603002E31B992C9400DB2C4C;
			remoteInfo = "Reusable List";
		};
/* End PBXContainerItemProxy section */

/* Begin PBXFileReference section */
		307146F7928DDCC80F9D5FC1 /* libPods.a */ = {isa = PBXFileReference; explicitFileType = archive.ar; includeInIndex = 0; path = libPods.a; sourceTree = BUILT_PRODUCTS_DIR; };
		603002E41B992C9400DB2C4C /* Reusable List.app */ = {isa = PBXFileReference; explicitFileType = wrapper.application; includeInIndex = 0; path = "Reusable List.app"; sourceTree = BUILT_PRODUCTS_DIR; };
		603002E81B992C9400DB2C4C /* Info.plist */ = {isa = PBXFileReference; lastKnownFileType = text.plist.xml; path = Info.plist; sourceTree = "<group>"; };
		603002E91B992C9400DB2C4C /* main.m */ = {isa = PBXFileReference; lastKnownFileType = sourcecode.c.objc; path = main.m; sourceTree = "<group>"; };
		603002EB1B992C9400DB2C4C /* YYAppDelegate.h */ = {isa = PBXFileReference; lastKnownFileType = sourcecode.c.h; path = YYAppDelegate.h; sourceTree = "<group>"; };
		603002EC1B992C9400DB2C4C /* YYAppDelegate.m */ = {isa = PBXFileReference; lastKnownFileType = sourcecode.c.objc; path = YYAppDelegate.m; sourceTree = "<group>"; };
		603002F41B992C9400DB2C4C /* Images.xcassets */ = {isa = PBXFileReference; lastKnownFileType = folder.assetcatalog; path = Images.xcassets; sourceTree = "<group>"; };
		603002F71B992C9400DB2C4C /* Base */ = {isa = PBXFileReference; lastKnownFileType = file.xib; name = Base; path = Base.lproj/LaunchScreen.xib; sourceTree = "<group>"; };
		603002FD1B992C9400DB2C4C /* Reusable ListTests.xctest */ = {isa = PBXFileReference; explicitFileType = wrapper.cfbundle; includeInIndex = 0; path = "Reusable ListTests.xctest"; sourceTree = BUILT_PRODUCTS_DIR; };
		603003021B992C9400DB2C4C /* Info.plist */ = {isa = PBXFileReference; lastKnownFileType = text.plist.xml; path = Info.plist; sourceTree = "<group>"; };
		603003031B992C9400DB2C4C /* Reusable_ListTests.m */ = {isa = PBXFileReference; lastKnownFileType = sourcecode.c.objc; path = Reusable_ListTests.m; sourceTree = "<group>"; };
		603003171B99C1C100DB2C4C /* Base */ = {isa = PBXFileReference; lastKnownFileType = file.storyboard; name = Base; path = "Reusable List/Base.lproj/Main.storyboard"; sourceTree = "<group>"; };
		603003281B99D07100DB2C4C /* YYAllListsViewController.h */ = {isa = PBXFileReference; fileEncoding = 4; lastKnownFileType = sourcecode.c.h; name = YYAllListsViewController.h; path = ../YYAllListsViewController.h; sourceTree = "<group>"; };
		603003291B99D07100DB2C4C /* YYAllListsViewController.m */ = {isa = PBXFileReference; fileEncoding = 4; lastKnownFileType = sourcecode.c.objc; name = YYAllListsViewController.m; path = ../YYAllListsViewController.m; sourceTree = "<group>"; };
		6030032B1B99D08200DB2C4C /* YYListViewController.h */ = {isa = PBXFileReference; fileEncoding = 4; lastKnownFileType = sourcecode.c.h; path = YYListViewController.h; sourceTree = "<group>"; };
		6030032C1B99D08200DB2C4C /* YYListViewController.m */ = {isa = PBXFileReference; fileEncoding = 4; lastKnownFileType = sourcecode.c.objc; path = YYListViewController.m; sourceTree = "<group>"; };
		6030032E1B99D09100DB2C4C /* YYSettingViewController.h */ = {isa = PBXFileReference; fileEncoding = 4; lastKnownFileType = sourcecode.c.h; path = YYSettingViewController.h; sourceTree = "<group>"; };
		6030032F1B99D09100DB2C4C /* YYSettingViewController.m */ = {isa = PBXFileReference; fileEncoding = 4; lastKnownFileType = sourcecode.c.objc; path = YYSettingViewController.m; sourceTree = "<group>"; };
		603003441B9E849900DB2C4C /* Reusable List.xcdatamodel */ = {isa = PBXFileReference; lastKnownFileType = wrapper.xcdatamodel; path = "Reusable List.xcdatamodel"; sourceTree = "<group>"; };
		603003461B9EA58B00DB2C4C /* YYList.h */ = {isa = PBXFileReference; fileEncoding = 4; lastKnownFileType = sourcecode.c.h; path = YYList.h; sourceTree = "<group>"; };
		603003471B9EA58B00DB2C4C /* YYList.m */ = {isa = PBXFileReference; fileEncoding = 4; lastKnownFileType = sourcecode.c.objc; path = YYList.m; sourceTree = "<group>"; };
		E140AD5B272A51982BB6BD19 /* Pods.release.xcconfig */ = {isa = PBXFileReference; includeInIndex = 1; lastKnownFileType = text.xcconfig; name = Pods.release.xcconfig; path = "Pods/Target Support Files/Pods/Pods.release.xcconfig"; sourceTree = "<group>"; };
		EE0FF61C1C7EF85C36DFC9F2 /* Pods.debug.xcconfig */ = {isa = PBXFileReference; includeInIndex = 1; lastKnownFileType = text.xcconfig; name = Pods.debug.xcconfig; path = "Pods/Target Support Files/Pods/Pods.debug.xcconfig"; sourceTree = "<group>"; };
/* End PBXFileReference section */

/* Begin PBXFrameworksBuildPhase section */
		603002E11B992C9400DB2C4C /* Frameworks */ = {
			isa = PBXFrameworksBuildPhase;
			buildActionMask = 2147483647;
			files = (
				7320CB13B0467C503120078E /* libPods.a in Frameworks */,
			);
			runOnlyForDeploymentPostprocessing = 0;
		};
		603002FA1B992C9400DB2C4C /* Frameworks */ = {
			isa = PBXFrameworksBuildPhase;
			buildActionMask = 2147483647;
			files = (
			);
			runOnlyForDeploymentPostprocessing = 0;
		};
/* End PBXFrameworksBuildPhase section */

/* Begin PBXGroup section */
		380FF38070BF201FF9DB6A7A /* Pods */ = {
			isa = PBXGroup;
			children = (
				EE0FF61C1C7EF85C36DFC9F2 /* Pods.debug.xcconfig */,
				E140AD5B272A51982BB6BD19 /* Pods.release.xcconfig */,
			);
			name = Pods;
			sourceTree = "<group>";
		};
		603002DB1B992C9400DB2C4C = {
			isa = PBXGroup;
			children = (
				603002E61B992C9400DB2C4C /* Reusable List */,
				603003001B992C9400DB2C4C /* Reusable ListTests */,
				603002E51B992C9400DB2C4C /* Products */,
				380FF38070BF201FF9DB6A7A /* Pods */,
				6CCEC677C72CA8E7867BC478 /* Frameworks */,
			);
			sourceTree = "<group>";
		};
		603002E51B992C9400DB2C4C /* Products */ = {
			isa = PBXGroup;
			children = (
				603002E41B992C9400DB2C4C /* Reusable List.app */,
				603002FD1B992C9400DB2C4C /* Reusable ListTests.xctest */,
			);
			name = Products;
			sourceTree = "<group>";
		};
		603002E61B992C9400DB2C4C /* Reusable List */ = {
			isa = PBXGroup;
			children = (
				6030033F1B9C801800DB2C4C /* Model */,
				603003401B9C816A00DB2C4C /* ViewController */,
				603003411B9C81F300DB2C4C /* View */,
				603003421B9C820A00DB2C4C /* Other */,
				603002E71B992C9400DB2C4C /* Supporting Files */,
			);
			path = "Reusable List";
			sourceTree = "<group>";
		};
		603002E71B992C9400DB2C4C /* Supporting Files */ = {
			isa = PBXGroup;
			children = (
				603002E81B992C9400DB2C4C /* Info.plist */,
				603002E91B992C9400DB2C4C /* main.m */,
			);
			name = "Supporting Files";
			sourceTree = "<group>";
		};
		603003001B992C9400DB2C4C /* Reusable ListTests */ = {
			isa = PBXGroup;
			children = (
				603003031B992C9400DB2C4C /* Reusable_ListTests.m */,
				603003011B992C9400DB2C4C /* Supporting Files */,
			);
			path = "Reusable ListTests";
			sourceTree = "<group>";
		};
		603003011B992C9400DB2C4C /* Supporting Files */ = {
			isa = PBXGroup;
			children = (
				603003021B992C9400DB2C4C /* Info.plist */,
			);
			name = "Supporting Files";
			sourceTree = "<group>";
		};
		603003341B99D0A600DB2C4C /* AllLists */ = {
			isa = PBXGroup;
			children = (
				603003281B99D07100DB2C4C /* YYAllListsViewController.h */,
				603003291B99D07100DB2C4C /* YYAllListsViewController.m */,
			);
			name = AllLists;
			sourceTree = "<group>";
		};
		603003351B99D0BC00DB2C4C /* List */ = {
			isa = PBXGroup;
			children = (
				6030032B1B99D08200DB2C4C /* YYListViewController.h */,
				6030032C1B99D08200DB2C4C /* YYListViewController.m */,
			);
			name = List;
			sourceTree = "<group>";
		};
		603003361B99D0C100DB2C4C /* Setting */ = {
			isa = PBXGroup;
			children = (
				6030032E1B99D09100DB2C4C /* YYSettingViewController.h */,
				6030032F1B99D09100DB2C4C /* YYSettingViewController.m */,
			);
			name = Setting;
			sourceTree = "<group>";
		};
		6030033F1B9C801800DB2C4C /* Model */ = {
			isa = PBXGroup;
			children = (
				603003431B9E849900DB2C4C /* Reusable List.xcdatamodeld */,
				603003461B9EA58B00DB2C4C /* YYList.h */,
				603003471B9EA58B00DB2C4C /* YYList.m */,
			);
			name = Model;
			sourceTree = "<group>";
		};
		603003401B9C816A00DB2C4C /* ViewController */ = {
			isa = PBXGroup;
			children = (
				603003341B99D0A600DB2C4C /* AllLists */,
				603003351B99D0BC00DB2C4C /* List */,
				603003361B99D0C100DB2C4C /* Setting */,
			);
			name = ViewController;
			sourceTree = "<group>";
		};
		603003411B9C81F300DB2C4C /* View */ = {
			isa = PBXGroup;
			children = (
				603003161B99C1C100DB2C4C /* Main.storyboard */,
				603002F61B992C9400DB2C4C /* LaunchScreen.xib */,
				603002F41B992C9400DB2C4C /* Images.xcassets */,
			);
			name = View;
			sourceTree = "<group>";
		};
		603003421B9C820A00DB2C4C /* Other */ = {
			isa = PBXGroup;
			children = (
				603002EB1B992C9400DB2C4C /* YYAppDelegate.h */,
				603002EC1B992C9400DB2C4C /* YYAppDelegate.m */,
			);
			name = Other;
			sourceTree = "<group>";
		};
		6CCEC677C72CA8E7867BC478 /* Frameworks */ = {
			isa = PBXGroup;
			children = (
				307146F7928DDCC80F9D5FC1 /* libPods.a */,
			);
			name = Frameworks;
			sourceTree = "<group>";
		};
/* End PBXGroup section */

/* Begin PBXNativeTarget section */
		603002E31B992C9400DB2C4C /* Reusable List */ = {
			isa = PBXNativeTarget;
			buildConfigurationList = 603003071B992C9400DB2C4C /* Build configuration list for PBXNativeTarget "Reusable List" */;
			buildPhases = (
				B3AFD1505DC51CC997BB49F1 /* Check Pods Manifest.lock */,
				603002E01B992C9400DB2C4C /* Sources */,
				603002E11B992C9400DB2C4C /* Frameworks */,
				603002E21B992C9400DB2C4C /* Resources */,
				693DBE47501725D9F362F812 /* Copy Pods Resources */,
			);
			buildRules = (
			);
			dependencies = (
			);
			name = "Reusable List";
			productName = "Reusable List";
			productReference = 603002E41B992C9400DB2C4C /* Reusable List.app */;
			productType = "com.apple.product-type.application";
		};
		603002FC1B992C9400DB2C4C /* Reusable ListTests */ = {
			isa = PBXNativeTarget;
			buildConfigurationList = 6030030A1B992C9400DB2C4C /* Build configuration list for PBXNativeTarget "Reusable ListTests" */;
			buildPhases = (
				603002F91B992C9400DB2C4C /* Sources */,
				603002FA1B992C9400DB2C4C /* Frameworks */,
				603002FB1B992C9400DB2C4C /* Resources */,
			);
			buildRules = (
			);
			dependencies = (
				603002FF1B992C9400DB2C4C /* PBXTargetDependency */,
			);
			name = "Reusable ListTests";
			productName = "Reusable ListTests";
			productReference = 603002FD1B992C9400DB2C4C /* Reusable ListTests.xctest */;
			productType = "com.apple.product-type.bundle.unit-test";
		};
/* End PBXNativeTarget section */

/* Begin PBXProject section */
		603002DC1B992C9400DB2C4C /* Project object */ = {
			isa = PBXProject;
			attributes = {
				CLASSPREFIX = YY;
				LastUpgradeCheck = 0630;
				ORGANIZATIONNAME = yuying;
				TargetAttributes = {
					603002E31B992C9400DB2C4C = {
						CreatedOnToolsVersion = 6.3.2;
					};
					603002FC1B992C9400DB2C4C = {
						CreatedOnToolsVersion = 6.3.2;
						TestTargetID = 603002E31B992C9400DB2C4C;
					};
				};
			};
			buildConfigurationList = 603002DF1B992C9400DB2C4C /* Build configuration list for PBXProject "Reusable List" */;
			compatibilityVersion = "Xcode 3.2";
			developmentRegion = English;
			hasScannedForEncodings = 0;
			knownRegions = (
				en,
				Base,
			);
			mainGroup = 603002DB1B992C9400DB2C4C;
			productRefGroup = 603002E51B992C9400DB2C4C /* Products */;
			projectDirPath = "";
			projectRoot = "";
			targets = (
				603002E31B992C9400DB2C4C /* Reusable List */,
				603002FC1B992C9400DB2C4C /* Reusable ListTests */,
			);
		};
/* End PBXProject section */

/* Begin PBXResourcesBuildPhase section */
		603002E21B992C9400DB2C4C /* Resources */ = {
			isa = PBXResourcesBuildPhase;
			buildActionMask = 2147483647;
			files = (
				603003181B99C1C100DB2C4C /* Main.storyboard in Resources */,
				603002F81B992C9400DB2C4C /* LaunchScreen.xib in Resources */,
				603002F51B992C9400DB2C4C /* Images.xcassets in Resources */,
			);
			runOnlyForDeploymentPostprocessing = 0;
		};
		603002FB1B992C9400DB2C4C /* Resources */ = {
			isa = PBXResourcesBuildPhase;
			buildActionMask = 2147483647;
			files = (
			);
			runOnlyForDeploymentPostprocessing = 0;
		};
/* End PBXResourcesBuildPhase section */

/* Begin PBXShellScriptBuildPhase section */
		693DBE47501725D9F362F812 /* Copy Pods Resources */ = {
			isa = PBXShellScriptBuildPhase;
			buildActionMask = 2147483647;
			files = (
			);
			inputPaths = (
			);
			name = "Copy Pods Resources";
			outputPaths = (
			);
			runOnlyForDeploymentPostprocessing = 0;
			shellPath = /bin/sh;
			shellScript = "\"${SRCROOT}/Pods/Target Support Files/Pods/Pods-resources.sh\"\n";
			showEnvVarsInLog = 0;
		};
		B3AFD1505DC51CC997BB49F1 /* Check Pods Manifest.lock */ = {
			isa = PBXShellScriptBuildPhase;
			buildActionMask = 2147483647;
			files = (
			);
			inputPaths = (
			);
			name = "Check Pods Manifest.lock";
			outputPaths = (
			);
			runOnlyForDeploymentPostprocessing = 0;
			shellPath = /bin/sh;
			shellScript = "diff \"${PODS_ROOT}/../Podfile.lock\" \"${PODS_ROOT}/Manifest.lock\" > /dev/null\nif [[ $? != 0 ]] ; then\n    cat << EOM\nerror: The sandbox is not in sync with the Podfile.lock. Run 'pod install' or update your CocoaPods installation.\nEOM\n    exit 1\nfi\n";
			showEnvVarsInLog = 0;
		};
/* End PBXShellScriptBuildPhase section */

/* Begin PBXSourcesBuildPhase section */
		603002E01B992C9400DB2C4C /* Sources */ = {
			isa = PBXSourcesBuildPhase;
			buildActionMask = 2147483647;
			files = (
				603002ED1B992C9400DB2C4C /* YYAppDelegate.m in Sources */,
				603003451B9E849900DB2C4C /* Reusable List.xcdatamodeld in Sources */,
				603003301B99D09100DB2C4C /* YYSettingViewController.m in Sources */,
				603002EA1B992C9400DB2C4C /* main.m in Sources */,
				6030032A1B99D07100DB2C4C /* YYAllListsViewController.m in Sources */,
				603003481B9EA58B00DB2C4C /* YYList.m in Sources */,
				6030032D1B99D08200DB2C4C /* YYListViewController.m in Sources */,
			);
			runOnlyForDeploymentPostprocessing = 0;
		};
		603002F91B992C9400DB2C4C /* Sources */ = {
			isa = PBXSourcesBuildPhase;
			buildActionMask = 2147483647;
			files = (
				603003041B992C9400DB2C4C /* Reusable_ListTests.m in Sources */,
			);
			runOnlyForDeploymentPostprocessing = 0;
		};
/* End PBXSourcesBuildPhase section */

/* Begin PBXTargetDependency section */
		603002FF1B992C9400DB2C4C /* PBXTargetDependency */ = {
			isa = PBXTargetDependency;
			target = 603002E31B992C9400DB2C4C /* Reusable List */;
			targetProxy = 603002FE1B992C9400DB2C4C /* PBXContainerItemProxy */;
		};
/* End PBXTargetDependency section */

/* Begin PBXVariantGroup section */
		603002F61B992C9400DB2C4C /* LaunchScreen.xib */ = {
			isa = PBXVariantGroup;
			children = (
				603002F71B992C9400DB2C4C /* Base */,
			);
			name = LaunchScreen.xib;
			sourceTree = "<group>";
		};
		603003161B99C1C100DB2C4C /* Main.storyboard */ = {
			isa = PBXVariantGroup;
			children = (
				603003171B99C1C100DB2C4C /* Base */,
			);
			name = Main.storyboard;
			path = ..;
			sourceTree = "<group>";
		};
/* End PBXVariantGroup section */

/* Begin XCBuildConfiguration section */
		603003051B992C9400DB2C4C /* Debug */ = {
			isa = XCBuildConfiguration;
			buildSettings = {
				ALWAYS_SEARCH_USER_PATHS = NO;
				CLANG_CXX_LANGUAGE_STANDARD = "gnu++0x";
				CLANG_CXX_LIBRARY = "libc++";
				CLANG_ENABLE_MODULES = YES;
				CLANG_ENABLE_OBJC_ARC = YES;
				CLANG_WARN_BOOL_CONVERSION = YES;
				CLANG_WARN_CONSTANT_CONVERSION = YES;
				CLANG_WARN_DIRECT_OBJC_ISA_USAGE = YES_ERROR;
				CLANG_WARN_EMPTY_BODY = YES;
				CLANG_WARN_ENUM_CONVERSION = YES;
				CLANG_WARN_INT_CONVERSION = YES;
				CLANG_WARN_OBJC_ROOT_CLASS = YES_ERROR;
				CLANG_WARN_UNREACHABLE_CODE = YES;
				CLANG_WARN__DUPLICATE_METHOD_MATCH = YES;
				"CODE_SIGN_IDENTITY[sdk=iphoneos*]" = "iPhone Developer";
				COPY_PHASE_STRIP = NO;
				DEBUG_INFORMATION_FORMAT = "dwarf-with-dsym";
				ENABLE_STRICT_OBJC_MSGSEND = YES;
				GCC_C_LANGUAGE_STANDARD = gnu99;
				GCC_DYNAMIC_NO_PIC = NO;
				GCC_NO_COMMON_BLOCKS = YES;
				GCC_OPTIMIZATION_LEVEL = 0;
				GCC_PREPROCESSOR_DEFINITIONS = (
					"DEBUG=1",
					"$(inherited)",
				);
				GCC_SYMBOLS_PRIVATE_EXTERN = NO;
				GCC_WARN_64_TO_32_BIT_CONVERSION = YES;
				GCC_WARN_ABOUT_RETURN_TYPE = YES_ERROR;
				GCC_WARN_UNDECLARED_SELECTOR = YES;
				GCC_WARN_UNINITIALIZED_AUTOS = YES_AGGRESSIVE;
				GCC_WARN_UNUSED_FUNCTION = YES;
				GCC_WARN_UNUSED_VARIABLE = YES;
				IPHONEOS_DEPLOYMENT_TARGET = 8.3;
				MTL_ENABLE_DEBUG_INFO = YES;
				ONLY_ACTIVE_ARCH = YES;
				SDKROOT = iphoneos;
			};
			name = Debug;
		};
		603003061B992C9400DB2C4C /* Release */ = {
			isa = XCBuildConfiguration;
			buildSettings = {
				ALWAYS_SEARCH_USER_PATHS = NO;
				CLANG_CXX_LANGUAGE_STANDARD = "gnu++0x";
				CLANG_CXX_LIBRARY = "libc++";
				CLANG_ENABLE_MODULES = YES;
				CLANG_ENABLE_OBJC_ARC = YES;
				CLANG_WARN_BOOL_CONVERSION = YES;
				CLANG_WARN_CONSTANT_CONVERSION = YES;
				CLANG_WARN_DIRECT_OBJC_ISA_USAGE = YES_ERROR;
				CLANG_WARN_EMPTY_BODY = YES;
				CLANG_WARN_ENUM_CONVERSION = YES;
				CLANG_WARN_INT_CONVERSION = YES;
				CLANG_WARN_OBJC_ROOT_CLASS = YES_ERROR;
				CLANG_WARN_UNREACHABLE_CODE = YES;
				CLANG_WARN__DUPLICATE_METHOD_MATCH = YES;
				"CODE_SIGN_IDENTITY[sdk=iphoneos*]" = "iPhone Developer";
				COPY_PHASE_STRIP = NO;
				DEBUG_INFORMATION_FORMAT = "dwarf-with-dsym";
				ENABLE_NS_ASSERTIONS = NO;
				ENABLE_STRICT_OBJC_MSGSEND = YES;
				GCC_C_LANGUAGE_STANDARD = gnu99;
				GCC_NO_COMMON_BLOCKS = YES;
				GCC_WARN_64_TO_32_BIT_CONVERSION = YES;
				GCC_WARN_ABOUT_RETURN_TYPE = YES_ERROR;
				GCC_WARN_UNDECLARED_SELECTOR = YES;
				GCC_WARN_UNINITIALIZED_AUTOS = YES_AGGRESSIVE;
				GCC_WARN_UNUSED_FUNCTION = YES;
				GCC_WARN_UNUSED_VARIABLE = YES;
				IPHONEOS_DEPLOYMENT_TARGET = 8.3;
				MTL_ENABLE_DEBUG_INFO = NO;
				SDKROOT = iphoneos;
				VALIDATE_PRODUCT = YES;
			};
			name = Release;
		};
		603003081B992C9400DB2C4C /* Debug */ = {
			isa = XCBuildConfiguration;
			baseConfigurationReference = EE0FF61C1C7EF85C36DFC9F2 /* Pods.debug.xcconfig */;
			buildSettings = {
				ASSETCATALOG_COMPILER_APPICON_NAME = AppIcon;
				INFOPLIST_FILE = "Reusable List/Info.plist";
				LD_RUNPATH_SEARCH_PATHS = "$(inherited) @executable_path/Frameworks";
				PRODUCT_NAME = "$(TARGET_NAME)";
			};
			name = Debug;
		};
		603003091B992C9400DB2C4C /* Release */ = {
			isa = XCBuildConfiguration;
			baseConfigurationReference = E140AD5B272A51982BB6BD19 /* Pods.release.xcconfig */;
			buildSettings = {
				ASSETCATALOG_COMPILER_APPICON_NAME = AppIcon;
				INFOPLIST_FILE = "Reusable List/Info.plist";
				LD_RUNPATH_SEARCH_PATHS = "$(inherited) @executable_path/Frameworks";
				PRODUCT_NAME = "$(TARGET_NAME)";
			};
			name = Release;
		};
		6030030B1B992C9400DB2C4C /* Debug */ = {
			isa = XCBuildConfiguration;
			buildSettings = {
				BUNDLE_LOADER = "$(TEST_HOST)";
				FRAMEWORK_SEARCH_PATHS = (
					"$(SDKROOT)/Developer/Library/Frameworks",
					"$(inherited)",
				);
				GCC_PREPROCESSOR_DEFINITIONS = (
					"DEBUG=1",
					"$(inherited)",
				);
				INFOPLIST_FILE = "Reusable ListTests/Info.plist";
				LD_RUNPATH_SEARCH_PATHS = "$(inherited) @executable_path/Frameworks @loader_path/Frameworks";
				PRODUCT_NAME = "$(TARGET_NAME)";
				TEST_HOST = "$(BUILT_PRODUCTS_DIR)/Reusable List.app/Reusable List";
			};
			name = Debug;
		};
		6030030C1B992C9400DB2C4C /* Release */ = {
			isa = XCBuildConfiguration;
			buildSettings = {
				BUNDLE_LOADER = "$(TEST_HOST)";
				FRAMEWORK_SEARCH_PATHS = (
					"$(SDKROOT)/Developer/Library/Frameworks",
					"$(inherited)",
				);
				INFOPLIST_FILE = "Reusable ListTests/Info.plist";
				LD_RUNPATH_SEARCH_PATHS = "$(inherited) @executable_path/Frameworks @loader_path/Frameworks";
				PRODUCT_NAME = "$(TARGET_NAME)";
				TEST_HOST = "$(BUILT_PRODUCTS_DIR)/Reusable List.app/Reusable List";
			};
			name = Release;
		};
/* End XCBuildConfiguration section */

/* Begin XCConfigurationList section */
		603002DF1B992C9400DB2C4C /* Build configuration list for PBXProject "Reusable List" */ = {
			isa = XCConfigurationList;
			buildConfigurations = (
				603003051B992C9400DB2C4C /* Debug */,
				603003061B992C9400DB2C4C /* Release */,
			);
			defaultConfigurationIsVisible = 0;
			defaultConfigurationName = Release;
		};
		603003071B992C9400DB2C4C /* Build configuration list for PBXNativeTarget "Reusable List" */ = {
			isa = XCConfigurationList;
			buildConfigurations = (
				603003081B992C9400DB2C4C /* Debug */,
				603003091B992C9400DB2C4C /* Release */,
			);
			defaultConfigurationIsVisible = 0;
			defaultConfigurationName = Release;
		};
		6030030A1B992C9400DB2C4C /* Build configuration list for PBXNativeTarget "Reusable ListTests" */ = {
			isa = XCConfigurationList;
			buildConfigurations = (
				6030030B1B992C9400DB2C4C /* Debug */,
				6030030C1B992C9400DB2C4C /* Release */,
			);
			defaultConfigurationIsVisible = 0;
			defaultConfigurationName = Release;
		};
/* End XCConfigurationList section */

/* Begin XCVersionGroup section */
		603003431B9E849900DB2C4C /* Reusable List.xcdatamodeld */ = {
			isa = XCVersionGroup;
			children = (
				603003441B9E849900DB2C4C /* Reusable List.xcdatamodel */,
			);
			currentVersion = 603003441B9E849900DB2C4C /* Reusable List.xcdatamodel */;
			path = "Reusable List.xcdatamodeld";
			sourceTree = "<group>";
			versionGroupType = wrapper.xcdatamodel;
		};
/* End XCVersionGroup section */
	};
	rootObject = 603002DC1B992C9400DB2C4C /* Project object */;
}
